
Microsoft Visual Studio Solution File, Format Version 12.00
# Visual Studio 15
VisualStudioVersion = 15.0.28307.1433
MinimumVisualStudioVersion = 10.0.40219.1
Project("{FAE04EC0-301F-11D3-BF4B-00C04F79EFBC}") = "RentMgt", "RentMgt\RentMgt.csproj", "{91B2E65A-E569-48CB-90C1-BEDF39F453FD}"
EndProject
Global
	GlobalSection(SolutionConfigurationPlatforms) = preSolution
		Debug|Any CPU = Debug|Any CPU
		Release|Any CPU = Release|Any CPU
	EndGlobalSection
	GlobalSection(ProjectConfigurationPlatforms) = postSolution
		{91B2E65A-E569-48CB-90C1-BEDF39F453FD}.Debug|Any CPU.ActiveCfg = Debug|Any CPU
		{91B2E65A-E569-48CB-90C1-BEDF39F453FD}.Debug|Any CPU.Build.0 = Debug|Any CPU
		{91B2E65A-E569-48CB-90C1-BEDF39F453FD}.Release|Any CPU.ActiveCfg = Release|Any CPU
		{91B2E65A-E569-48CB-90C1-BEDF39F453FD}.Release|Any CPU.Build.0 = Release|Any CPU
	EndGlobalSection
	GlobalSection(SolutionProperties) = preSolution
		HideSolutionNode = FALSE
	EndGlobalSection
	GlobalSection(ExtensibilityGlobals) = postSolution
		SolutionGuid = {198F3BC5-034E-4361-9041-43843A12F998}
	EndGlobalSection
EndGlobal
